Microsoft Visual Studio Solution File, Format Version 11.00
# Visual Studio 2010
Project("{F184B08F-C81C-45F6-A57F-5ABD9991F28F}") = "PersistentClassesLibrary", "PersistentClassesLibrary\PersistentClassesLibrary.vbproj", "{500B2749-1CD3-43A0-A072-50FFA8B5A7D0}"
EndProject
Project("{F184B08F-C81C-45F6-A57F-5ABD9991F28F}") = "SecuredDataServer", "SecuredDataServer\SecuredDataServer.vbproj", "{205B6B1F-D01C-43C9-ACA8-4622A2A76027}"
EndProject
Project("{2150E333-8FDC-42A3-9474-1A3956D46DE8}") = "Solution Items", "Solution Items", "{22750F9A-26F2-41E4-871E-8AF6531083B3}"
	ProjectSection(SolutionItems) = preProject
		Output.txt = Output.txt
	EndProjectSection
EndProject
Project("{F184B08F-C81C-45F6-A57F-5ABD9991F28F}") = "ConsoleClient", "ConsoleClient\ConsoleClient.vbproj", "{76E50708-B2FF-45D1-B4BA-7FF33CF5E09D}"
EndProject
Global
	GlobalSection(SolutionConfigurationPlatforms) = preSolution
		Debug|Any CPU = Debug|Any CPU
		Debug|Mixed Platforms = Debug|Mixed Platforms
		Debug|x86 = Debug|x86
		EasyTest|Any CPU = EasyTest|Any CPU
		EasyTest|Mixed Platforms = EasyTest|Mixed Platforms
		EasyTest|x86 = EasyTest|x86
		Release|Any CPU = Release|Any CPU
		Release|Mixed Platforms = Release|Mixed Platforms
		Release|x86 = Release|x86
	EndGlobalSection
	GlobalSection(ProjectConfigurationPlatforms) = postSolution
		{500B2749-1CD3-43A0-A072-50FFA8B5A7D0}.Debug|Any CPU.ActiveCfg = Debug|Any CPU
		{500B2749-1CD3-43A0-A072-50FFA8B5A7D0}.Debug|Any CPU.Build.0 = Debug|Any CPU
		{500B2749-1CD3-43A0-A072-50FFA8B5A7D0}.Debug|Mixed Platforms.ActiveCfg = Debug|Any CPU
		{500B2749-1CD3-43A0-A072-50FFA8B5A7D0}.Debug|Mixed Platforms.Build.0 = Debug|Any CPU
		{500B2749-1CD3-43A0-A072-50FFA8B5A7D0}.Debug|x86.ActiveCfg = Debug|Any CPU
		{500B2749-1CD3-43A0-A072-50FFA8B5A7D0}.EasyTest|Any CPU.ActiveCfg = Release|Any CPU
		{500B2749-1CD3-43A0-A072-50FFA8B5A7D0}.EasyTest|Any CPU.Build.0 = Release|Any CPU
		{500B2749-1CD3-43A0-A072-50FFA8B5A7D0}.EasyTest|Mixed Platforms.ActiveCfg = Release|Any CPU
		{500B2749-1CD3-43A0-A072-50FFA8B5A7D0}.EasyTest|Mixed Platforms.Build.0 = Release|Any CPU
		{500B2749-1CD3-43A0-A072-50FFA8B5A7D0}.EasyTest|x86.ActiveCfg = Release|Any CPU
		{500B2749-1CD3-43A0-A072-50FFA8B5A7D0}.Release|Any CPU.ActiveCfg = Release|Any CPU
		{500B2749-1CD3-43A0-A072-50FFA8B5A7D0}.Release|Any CPU.Build.0 = Release|Any CPU
		{500B2749-1CD3-43A0-A072-50FFA8B5A7D0}.Release|Mixed Platforms.ActiveCfg = Release|Any CPU
		{500B2749-1CD3-43A0-A072-50FFA8B5A7D0}.Release|Mixed Platforms.Build.0 = Release|Any CPU
		{500B2749-1CD3-43A0-A072-50FFA8B5A7D0}.Release|x86.ActiveCfg = Release|Any CPU
		{205B6B1F-D01C-43C9-ACA8-4622A2A76027}.Debug|Any CPU.ActiveCfg = Debug|Any CPU
		{205B6B1F-D01C-43C9-ACA8-4622A2A76027}.Debug|Any CPU.Build.0 = Debug|Any CPU
		{205B6B1F-D01C-43C9-ACA8-4622A2A76027}.Debug|Mixed Platforms.ActiveCfg = Debug|Any CPU
		{205B6B1F-D01C-43C9-ACA8-4622A2A76027}.Debug|Mixed Platforms.Build.0 = Debug|Any CPU
		{205B6B1F-D01C-43C9-ACA8-4622A2A76027}.Debug|x86.ActiveCfg = Debug|Any CPU
		{205B6B1F-D01C-43C9-ACA8-4622A2A76027}.EasyTest|Any CPU.ActiveCfg = EasyTest|Any CPU
		{205B6B1F-D01C-43C9-ACA8-4622A2A76027}.EasyTest|Any CPU.Build.0 = EasyTest|Any CPU
		{205B6B1F-D01C-43C9-ACA8-4622A2A76027}.EasyTest|Mixed Platforms.ActiveCfg = EasyTest|Any CPU
		{205B6B1F-D01C-43C9-ACA8-4622A2A76027}.EasyTest|Mixed Platforms.Build.0 = EasyTest|Any CPU
		{205B6B1F-D01C-43C9-ACA8-4622A2A76027}.EasyTest|x86.ActiveCfg = EasyTest|Any CPU
		{205B6B1F-D01C-43C9-ACA8-4622A2A76027}.Release|Any CPU.ActiveCfg = Release|Any CPU
		{205B6B1F-D01C-43C9-ACA8-4622A2A76027}.Release|Any CPU.Build.0 = Release|Any CPU
		{205B6B1F-D01C-43C9-ACA8-4622A2A76027}.Release|Mixed Platforms.ActiveCfg = Release|Any CPU
		{205B6B1F-D01C-43C9-ACA8-4622A2A76027}.Release|Mixed Platforms.Build.0 = Release|Any CPU
		{205B6B1F-D01C-43C9-ACA8-4622A2A76027}.Release|x86.ActiveCfg = Release|Any CPU
		{76E50708-B2FF-45D1-B4BA-7FF33CF5E09D}.Debug|Any CPU.ActiveCfg = Debug|x86
		{76E50708-B2FF-45D1-B4BA-7FF33CF5E09D}.Debug|Mixed Platforms.ActiveCfg = Debug|x86
		{76E50708-B2FF-45D1-B4BA-7FF33CF5E09D}.Debug|Mixed Platforms.Build.0 = Debug|x86
		{76E50708-B2FF-45D1-B4BA-7FF33CF5E09D}.Debug|x86.ActiveCfg = Debug|x86
		{76E50708-B2FF-45D1-B4BA-7FF33CF5E09D}.Debug|x86.Build.0 = Debug|x86
		{76E50708-B2FF-45D1-B4BA-7FF33CF5E09D}.EasyTest|Any CPU.ActiveCfg = Release|x86
		{76E50708-B2FF-45D1-B4BA-7FF33CF5E09D}.EasyTest|Mixed Platforms.ActiveCfg = Release|x86
		{76E50708-B2FF-45D1-B4BA-7FF33CF5E09D}.EasyTest|Mixed Platforms.Build.0 = Release|x86
		{76E50708-B2FF-45D1-B4BA-7FF33CF5E09D}.EasyTest|x86.ActiveCfg = Release|x86
		{76E50708-B2FF-45D1-B4BA-7FF33CF5E09D}.EasyTest|x86.Build.0 = Release|x86
		{76E50708-B2FF-45D1-B4BA-7FF33CF5E09D}.Release|Any CPU.ActiveCfg = Release|x86
		{76E50708-B2FF-45D1-B4BA-7FF33CF5E09D}.Release|Mixed Platforms.ActiveCfg = Release|x86
		{76E50708-B2FF-45D1-B4BA-7FF33CF5E09D}.Release|Mixed Platforms.Build.0 = Release|x86
		{76E50708-B2FF-45D1-B4BA-7FF33CF5E09D}.Release|x86.ActiveCfg = Release|x86
		{76E50708-B2FF-45D1-B4BA-7FF33CF5E09D}.Release|x86.Build.0 = Release|x86
	EndGlobalSection
	GlobalSection(SolutionProperties) = preSolution
		HideSolutionNode = FALSE
	EndGlobalSection
EndGlobal
